
Microsoft Visual Studio Solution File, Format Version 12.00
# Visual Studio Version 16
VisualStudioVersion = 16.0.31424.327
MinimumVisualStudioVersion = 10.0.40219.1
Project("{FAE04EC0-301F-11D3-BF4B-00C04F79EFBC}") = "hetedikke", "hetedikke\hetedikke.csproj", "{ED40F4CE-B938-4642-A3E5-6BC707EAA11E}"
EndProject
Global
	GlobalSection(SolutionConfigurationPlatforms) = preSolution
		Debug|Any CPU = Debug|Any CPU
		Release|Any CPU = Release|Any CPU
	EndGlobalSection
	GlobalSection(ProjectConfigurationPlatforms) = postSolution
		{ED40F4CE-B938-4642-A3E5-6BC707EAA11E}.Debug|Any CPU.ActiveCfg = Debug|Any CPU
		{ED40F4CE-B938-4642-A3E5-6BC707EAA11E}.Debug|Any CPU.Build.0 = Debug|Any CPU
		{ED40F4CE-B938-4642-A3E5-6BC707EAA11E}.Release|Any CPU.ActiveCfg = Release|Any CPU
		{ED40F4CE-B938-4642-A3E5-6BC707EAA11E}.Release|Any CPU.Build.0 = Release|Any CPU
	EndGlobalSection
	GlobalSection(SolutionProperties) = preSolution
		HideSolutionNode = FALSE
	EndGlobalSection
	GlobalSection(ExtensibilityGlobals) = postSolution
		SolutionGuid = {EE2D153B-278E-4134-A331-0DAC432A41E2}
	EndGlobalSection
EndGlobal
